{
  "version": 4,
  "terraform_version": "1.0.0",
  "serial": 3,
  "lineage": "a4a1b662-b6ae-fa93-9221-22307cdd0156",
  "outputs": {},
  "resources": [
    {
      "mode": "managed",
      "type": "oci_core_subnet",
      "name": "dev",
      "provider": "provider[\"registry.terraform.io/hashicorp/oci\"]",
      "instances": [
        {
          "schema_version": 0,
          "attributes": {
            "availability_domain": null,
            "cidr_block": "172.16.0.0/24",
            "compartment_id": "ocid1.compartment.oc1..aaaaaaaaibxp2h4wo5hioiexhgfxnnbmmupnqs56retlbjux7qwchziyntcq",
            "defined_tags": {
              "Oracle-Tags.CreatedBy": "oracleidentitycloudservice/kyudong.kim@oracle.com"
            },
            "dhcp_options_id": "ocid1.dhcpoptions.oc1.iad.aaaaaaaaeiqr6qf3avgr2x46dcdwknqnmtrzpsklv2qpsbhcb3puzrmebhgq",
            "display_name": "Dev subnet 1",
            "dns_label": "dev",
            "freeform_tags": {},
            "id": "ocid1.subnet.oc1.iad.aaaaaaaahkz5auwn7tst3oh6tpd2czkqbcghvp6tfdeb4ii3hydigwyi4b6q",
            "ipv6cidr_block": null,
            "ipv6virtual_router_ip": null,
            "prohibit_internet_ingress": true,
            "prohibit_public_ip_on_vnic": true,
            "route_table_id": "ocid1.routetable.oc1.iad.aaaaaaaa7sf7anwnek7jzlkiuny4wif6swsbmmbh2ophxar4euc5mbhrtroa",
            "security_list_ids": [
              "ocid1.securitylist.oc1.iad.aaaaaaaatib5ab7vnbfflcjfv67zoeydely2qeajtyopks26uaqg6xh2avhq"
            ],
            "state": "AVAILABLE",
            "subnet_domain_name": "dev.internal.oraclevcn.com",
            "time_created": "2021-06-23 05:20:08.729 +0000 UTC",
            "timeouts": null,
            "vcn_id": "ocid1.vcn.oc1.iad.amaaaaaavsea7yialpvks5jn3p5udg3fhwf5orkcguvjp6uwhtx6lf24o7yq",
            "virtual_router_ip": "172.16.0.1",
            "virtual_router_mac": "00:00:17:27:6D:CA"
          },
          "sensitive_attributes": [],
          "private": "eyJlMmJmYjczMC1lY2FhLTExZTYtOGY4OC0zNDM2M2JjN2M0YzAiOnsiY3JlYXRlIjoxMjAwMDAwMDAwMDAwLCJkZWxldGUiOjEyMDAwMDAwMDAwMDAsInVwZGF0ZSI6MTIwMDAwMDAwMDAwMH19",
          "dependencies": [
            "oci_core_vcn.internal"
          ]
        }
      ]
    },
    {
      "mode": "managed",
      "type": "oci_core_vcn",
      "name": "internal",
      "provider": "provider[\"registry.terraform.io/hashicorp/oci\"]",
      "instances": [
        {
          "schema_version": 0,
          "attributes": {
            "cidr_block": "172.16.0.0/20",
            "cidr_blocks": [
              "172.16.0.0/20"
            ],
            "compartment_id": "ocid1.compartment.oc1..aaaaaaaaibxp2h4wo5hioiexhgfxnnbmmupnqs56retlbjux7qwchziyntcq",
            "default_dhcp_options_id": "ocid1.dhcpoptions.oc1.iad.aaaaaaaaeiqr6qf3avgr2x46dcdwknqnmtrzpsklv2qpsbhcb3puzrmebhgq",
            "default_route_table_id": "ocid1.routetable.oc1.iad.aaaaaaaa7sf7anwnek7jzlkiuny4wif6swsbmmbh2ophxar4euc5mbhrtroa",
            "default_security_list_id": "ocid1.securitylist.oc1.iad.aaaaaaaatib5ab7vnbfflcjfv67zoeydely2qeajtyopks26uaqg6xh2avhq",
            "defined_tags": {
              "Oracle-Tags.CreatedBy": "oracleidentitycloudservice/kyudong.kim@oracle.com"
            },
            "display_name": "My internal VCN",
            "dns_label": "internal",
            "freeform_tags": {},
            "id": "ocid1.vcn.oc1.iad.amaaaaaavsea7yialpvks5jn3p5udg3fhwf5orkcguvjp6uwhtx6lf24o7yq",
            "ipv6cidr_blocks": [],
            "is_ipv6enabled": false,
            "state": "AVAILABLE",
            "time_created": "2021-06-23 05:03:21.01 +0000 UTC",
            "timeouts": null,
            "vcn_domain_name": "internal.oraclevcn.com"
          },
          "sensitive_attributes": [],
          "private": "eyJlMmJmYjczMC1lY2FhLTExZTYtOGY4OC0zNDM2M2JjN2M0YzAiOnsiY3JlYXRlIjoxMjAwMDAwMDAwMDAwLCJkZWxldGUiOjEyMDAwMDAwMDAwMDAsInVwZGF0ZSI6MTIwMDAwMDAwMDAwMH19"
        }
      ]
    }
  ]
}
